
Microsoft Visual Studio Solution File, Format Version 12.00
# Visual Studio Version 16
VisualStudioVersion = 16.0.29215.179
MinimumVisualStudioVersion = 10.0.40219.1
Project("{FAE04EC0-301F-11D3-BF4B-00C04F79EFBC}") = "WebScraper", "WebScraper\WebScraper.csproj", "{2869FE7D-71F3-4A18-95E9-9EF6D9FD533D}"
EndProject
Global
	GlobalSection(SolutionConfigurationPlatforms) = preSolution
		Debug|Any CPU = Debug|Any CPU
		Release|Any CPU = Release|Any CPU
	EndGlobalSection
	GlobalSection(ProjectConfigurationPlatforms) = postSolution
		{2869FE7D-71F3-4A18-95E9-9EF6D9FD533D}.Debug|Any CPU.ActiveCfg = Debug|Any CPU
		{2869FE7D-71F3-4A18-95E9-9EF6D9FD533D}.Debug|Any CPU.Build.0 = Debug|Any CPU
		{2869FE7D-71F3-4A18-95E9-9EF6D9FD533D}.Release|Any CPU.ActiveCfg = Release|Any CPU
		{2869FE7D-71F3-4A18-95E9-9EF6D9FD533D}.Release|Any CPU.Build.0 = Release|Any CPU
	EndGlobalSection
	GlobalSection(SolutionProperties) = preSolution
		HideSolutionNode = FALSE
	EndGlobalSection
	GlobalSection(ExtensibilityGlobals) = postSolution
		SolutionGuid = {4DB26130-50EB-4293-B935-15519B26E168}
	EndGlobalSection
EndGlobal
